github.com/gocarina/gocsv v0.0.0-20220729221910-a7386ae0b221 h1:+GNiawgsTceS4Qnua+M5WKJTtebeIc1vbreV9LwGyl0=
github.com/gocarina/gocsv v0.0.0-20220729221910-a7386ae0b221/go.mod h1:5YoVOkjYAQumqlV356Hj3xeYh4BdZuLE0/nRkf2NKkI=
github.com/mattn/go-sqlite3 v1.14.15 h1:vfoHhTN1af61xCRSWzFIWzx2YskyMTwHLrExkBOjvxI=
github.com/mattn/go-sqlite3 v1.14.15/go.mod h1:2eHXhiwb8IkHr+BDWZGa96P6+rkvnG63S2DGjv9HUNg=
